
Microsoft Visual Studio Solution File, Format Version 12.00
Project("{FAE04EC0-301F-11D3-BF4B-00C04F79EFBC}") = "NightlyCode.Json", "NightlyCode.Json\NightlyCode.Json.csproj", "{8EC01A4F-E666-458B-B7A5-DDD8E42D2A6D}"
EndProject
Project("{FAE04EC0-301F-11D3-BF4B-00C04F79EFBC}") = "Json.Tests", "Json.Tests\Json.Tests.csproj", "{889D2E1F-F06F-430B-B757-CAC4BA2295D7}"
EndProject
Project("{FAE04EC0-301F-11D3-BF4B-00C04F79EFBC}") = "Benchmark", "Benchmark\Benchmark.csproj", "{3BA7030A-00C0-41C8-A66F-DAAA54A9FC72}"
EndProject
Global
	GlobalSection(SolutionConfigurationPlatforms) = preSolution
		Debug|Any CPU = Debug|Any CPU
		Release|Any CPU = Release|Any CPU
	EndGlobalSection
	GlobalSection(ProjectConfigurationPlatforms) = postSolution
		{8EC01A4F-E666-458B-B7A5-DDD8E42D2A6D}.Debug|Any CPU.ActiveCfg = Debug|Any CPU
		{8EC01A4F-E666-458B-B7A5-DDD8E42D2A6D}.Debug|Any CPU.Build.0 = Debug|Any CPU
		{8EC01A4F-E666-458B-B7A5-DDD8E42D2A6D}.Release|Any CPU.ActiveCfg = Release|Any CPU
		{8EC01A4F-E666-458B-B7A5-DDD8E42D2A6D}.Release|Any CPU.Build.0 = Release|Any CPU
		{889D2E1F-F06F-430B-B757-CAC4BA2295D7}.Debug|Any CPU.ActiveCfg = Debug|Any CPU
		{889D2E1F-F06F-430B-B757-CAC4BA2295D7}.Debug|Any CPU.Build.0 = Debug|Any CPU
		{889D2E1F-F06F-430B-B757-CAC4BA2295D7}.Release|Any CPU.ActiveCfg = Release|Any CPU
		{889D2E1F-F06F-430B-B757-CAC4BA2295D7}.Release|Any CPU.Build.0 = Release|Any CPU
		{3BA7030A-00C0-41C8-A66F-DAAA54A9FC72}.Debug|Any CPU.ActiveCfg = Debug|Any CPU
		{3BA7030A-00C0-41C8-A66F-DAAA54A9FC72}.Debug|Any CPU.Build.0 = Debug|Any CPU
		{3BA7030A-00C0-41C8-A66F-DAAA54A9FC72}.Release|Any CPU.ActiveCfg = Release|Any CPU
		{3BA7030A-00C0-41C8-A66F-DAAA54A9FC72}.Release|Any CPU.Build.0 = Release|Any CPU
	EndGlobalSection
EndGlobal
